
Microsoft Visual Studio Solution File, Format Version 12.00
# Visual Studio Version 17
VisualStudioVersion = 17.7.34221.43
MinimumVisualStudioVersion = 10.0.40219.1
Project("{9A19103F-16F7-4668-BE54-9A1E7A4F7556}") = "PokemonAPI", "PokemonAPI\PokemonAPI.csproj", "{5050C63E-E7FF-416B-AE73-A5EE11E9260B}"
EndProject
Project("{9A19103F-16F7-4668-BE54-9A1E7A4F7556}") = "PokemonAPITests", "PokemonAPITests\PokemonAPITests.csproj", "{14A544EC-7E1D-4EFE-8647-59F094D02A1D}"
EndProject
Project("{FAE04EC0-301F-11D3-BF4B-00C04F79EFBC}") = "PokemonAPIIntegrationTest", "PokemonAPIIntegrationTest\PokemonAPIIntegrationTest.csproj", "{C5BD7BE0-6CEC-498E-B1E1-93A7D7989679}"
EndProject
Global
	GlobalSection(SolutionConfigurationPlatforms) = preSolution
		Debug|Any CPU = Debug|Any CPU
		Release|Any CPU = Release|Any CPU
	EndGlobalSection
	GlobalSection(ProjectConfigurationPlatforms) = postSolution
		{5050C63E-E7FF-416B-AE73-A5EE11E9260B}.Debug|Any CPU.ActiveCfg = Debug|Any CPU
		{5050C63E-E7FF-416B-AE73-A5EE11E9260B}.Debug|Any CPU.Build.0 = Debug|Any CPU
		{5050C63E-E7FF-416B-AE73-A5EE11E9260B}.Release|Any CPU.ActiveCfg = Release|Any CPU
		{5050C63E-E7FF-416B-AE73-A5EE11E9260B}.Release|Any CPU.Build.0 = Release|Any CPU
		{14A544EC-7E1D-4EFE-8647-59F094D02A1D}.Debug|Any CPU.ActiveCfg = Debug|Any CPU
		{14A544EC-7E1D-4EFE-8647-59F094D02A1D}.Debug|Any CPU.Build.0 = Debug|Any CPU
		{14A544EC-7E1D-4EFE-8647-59F094D02A1D}.Release|Any CPU.ActiveCfg = Release|Any CPU
		{14A544EC-7E1D-4EFE-8647-59F094D02A1D}.Release|Any CPU.Build.0 = Release|Any CPU
		{C5BD7BE0-6CEC-498E-B1E1-93A7D7989679}.Debug|Any CPU.ActiveCfg = Debug|Any CPU
		{C5BD7BE0-6CEC-498E-B1E1-93A7D7989679}.Debug|Any CPU.Build.0 = Debug|Any CPU
		{C5BD7BE0-6CEC-498E-B1E1-93A7D7989679}.Release|Any CPU.ActiveCfg = Release|Any CPU
		{C5BD7BE0-6CEC-498E-B1E1-93A7D7989679}.Release|Any CPU.Build.0 = Release|Any CPU
	EndGlobalSection
	GlobalSection(SolutionProperties) = preSolution
		HideSolutionNode = FALSE
	EndGlobalSection
	GlobalSection(ExtensibilityGlobals) = postSolution
		SolutionGuid = {2CD7F151-85C2-4A35-B113-7A0E64C60A48}
	EndGlobalSection
EndGlobal
